# THIS IS AN AUTOGENERATED FILE. DO NOT EDIT THIS FILE DIRECTLY.
# yarn lockfile v1


"@ant-design/colors@^5.0.0":
  version "5.0.1"
  resolved "https://registry.npm.taobao.org/@ant-design/colors/download/@ant-design/colors-5.0.1.tgz?cache=0&sync_timestamp=1607912367498&other_urls=https%3A%2F%2Fregistry.npm.taobao.org%2F%40ant-design%2Fcolors%2Fdownload%2F%40ant-design%2Fcolors-5.0.1.tgz#09670f2f44a7473d7bc01be901c48ec10f12c7a4"
  integrity sha1-CWcPL0SnRz17wBvpAcSOwQ8Sx6Q=
  dependencies:
    "@ctrl/tinycolor" "^3.3.1"

"@ant-design/icons-svg@^4.0.0":
  version "4.1.0"
  resolved "https://registry.npm.taobao.org/@ant-design/icons-svg/download/@ant-design/icons-svg-4.1.0.tgz#480b025f4b20ef7fe8f47d4a4846e4fee84ea06c"
  integrity sha1-SAsCX0sg73/o9H1KSEbk/uhOoGw=

"@ant-design/icons@^4.4.0":
  version "4.4.0"
  resolved "https://registry.npm.taobao.org/@ant-design/icons/download/@ant-design/icons-4.4.0.tgz#d4e4ba5910454e1d3f67a802d2aad9ee75a51dea"
  integrity sha1-1OS6WRBFTh0/Z6gC0qrZ7nWlHeo=
  dependencies:
    "@ant-design/colors" "^5.0.0"
    "@ant-design/icons-svg" "^4.0.0"
    "@babel/runtime" "^7.11.2"
    classnames "^2.2.6"
    insert-css "^2.0.0"
    rc-util "^5.0.1"

"@ant-design/react-slick@~0.28.1":
  version "0.28.1"
  resolved "https://registry.npm.taobao.org/@ant-design/react-slick/download/@ant-design/react-slick-0.28.1.tgz#2e0720838cb57ab8818384dcc96b2a8c61fcd01e"
  integrity sha1-Lgcgg4y1eriBg4TcyWsqjGH80B4=
  dependencies:
    "@babel/runtime" "^7.10.4"
    classnames "^2.2.5"
    json2mq "^0.2.0"
    lodash "^4.17.15"
    resize-observer-polyfill "^1.5.0"

"@babel/code-frame@^7.12.13":
  version "7.12.13"
  resolved "https://registry.npm.taobao.org/@babel/code-frame/download/@babel/code-frame-7.12.13.tgz?cache=0&sync_timestamp=1612314620252&other_urls=https%3A%2F%2Fregistry.npm.taobao.org%2F%40babel%2Fcode-frame%2Fdownload%2F%40babel%2Fcode-frame-7.12.13.tgz#dcfc826beef65e75c50e21d3837d7d95798dd658"
  integrity sha1-3PyCa+72XnXFDiHTg319lXmN1lg=
  dependencies:
    "@babel/highlight" "^7.12.13"

"@babel/core@^7.12.10":
  version "7.12.13"
  resolved "https://registry.npm.taobao.org/@babel/core/download/@babel/core-7.12.13.tgz?cache=0&sync_timestamp=1612314799232&other_urls=https%3A%2F%2Fregistry.npm.taobao.org%2F%40babel%2Fcore%2Fdownload%2F%40babel%2Fcore-7.12.13.tgz#b73a87a3a3e7d142a66248bf6ad88b9ceb093425"
  integrity sha1-tzqHo6Pn0UKmYki/atiLnOsJNCU=
  dependencies:
    "@babel/code-frame" "^7.12.13"
    "@babel/generator" "^7.12.13"
    "@babel/helper-module-transforms" "^7.12.13"
    "@babel/helpers" "^7.12.13"
    "@babel/parser" "^7.12.13"
    "@babel/template" "^7.12.13"
    "@babel/traverse" "^7.12.13"
    "@babel/types" "^7.12.13"
    convert-source-map "^1.7.0"
    debug "^4.1.0"
    gensync "^1.0.0-beta.1"
    json5 "^2.1.2"
    lodash "^4.17.19"
    semver "^5.4.1"
    source-map "^0.5.0"

"@babel/generator@^7.12.13":
  version "7.12.13"
  resolved "https://registry.npm.taobao.org/@babel/generator/download/@babel/generator-7.12.13.tgz#5f6ebe6c85db99886db2d7b044409196f872a503"
  integrity sha1-X26+bIXbmYhtstewRECRlvhypQM=
  dependencies:
    "@babel/types" "^7.12.13"
    jsesc "^2.5.1"
    source-map "^0.5.0"

"@babel/helper-function-name@^7.12.13":
  version "7.12.13"
  resolved "https://registry.npm.taobao.org/@babel/helper-function-name/download/@babel/helper-function-name-7.12.13.tgz#93ad656db3c3c2232559fd7b2c3dbdcbe0eb377a"
  integrity sha1-k61lbbPDwiMlWf17LD29y+DrN3o=
  dependencies:
    "@babel/helper-get-function-arity" "^7.12.13"
    "@babel/template" "^7.12.13"
    "@babel/types" "^7.12.13"

"@babel/helper-get-function-arity@^7.12.13":
  version "7.12.13"
  resolved "https://registry.npm.taobao.org/@babel/helper-get-function-arity/download/@babel/helper-get-function-arity-7.12.13.tgz?cache=0&sync_timestamp=1612314652298&other_urls=https%3A%2F%2Fregistry.npm.taobao.org%2F%40babel%2Fhelper-get-function-arity%2Fdownload%2F%40babel%2Fhelper-get-function-arity-7.12.13.tgz#bc63451d403a3b3082b97e1d8b3fe5bd4091e583"
  integrity sha1-vGNFHUA6OzCCuX4diz/lvUCR5YM=
  dependencies:
    "@babel/types" "^7.12.13"

"@babel/helper-member-expression-to-functions@^7.12.13":
  version "7.12.13"
  resolved "https://registry.npm.taobao.org/@babel/helper-member-expression-to-functions/download/@babel/helper-member-expression-to-functions-7.12.13.tgz?cache=0&sync_timestamp=1612314686964&other_urls=https%3A%2F%2Fregistry.npm.taobao.org%2F%40babel%2Fhelper-member-expression-to-functions%2Fdownload%2F%40babel%2Fhelper-member-expression-to-functions-7.12.13.tgz#c5715695b4f8bab32660dbdcdc2341dec7e3df40"
  integrity sha1-xXFWlbT4urMmYNvc3CNB3sfj30A=
  dependencies:
    "@babel/types" "^7.12.13"

"@babel/helper-module-imports@^7.12.13":
  version "7.12.13"
  resolved "https://registry.npm.taobao.org/@babel/helper-module-imports/download/@babel/helper-module-imports-7.12.13.tgz?cache=0&sync_timestamp=1612314630289&other_urls=https%3A%2F%2Fregistry.npm.taobao.org%2F%40babel%2Fhelper-module-imports%2Fdownload%2F%40babel%2Fhelper-module-imports-7.12.13.tgz#ec67e4404f41750463e455cc3203f6a32e93fcb0"
  integrity sha1-7GfkQE9BdQRj5FXMMgP2oy6T/LA=
  dependencies:
    "@babel/types" "^7.12.13"

"@babel/helper-module-transforms@^7.12.13":
  version "7.12.13"
  resolved "https://registry.npm.taobao.org/@babel/helper-module-transforms/download/@babel/helper-module-transforms-7.12.13.tgz?cache=0&sync_timestamp=1612314735298&other_urls=https%3A%2F%2Fregistry.npm.taobao.org%2F%40babel%2Fhelper-module-transforms%2Fdownload%2F%40babel%2Fhelper-module-transforms-7.12.13.tgz#01afb052dcad2044289b7b20beb3fa8bd0265bea"
  integrity sha1-Aa+wUtytIEQom3sgvrP6i9AmW+o=
  dependencies:
    "@babel/helper-module-imports" "^7.12.13"
    "@babel/helper-replace-supers" "^7.12.13"
    "@babel/helper-simple-access" "^7.12.13"
    "@babel/helper-split-export-declaration" "^7.12.13"
    "@babel/helper-validator-identifier" "^7.12.11"
    "@babel/template" "^7.12.13"
    "@babel/traverse" "^7.12.13"
    "@babel/types" "^7.12.13"
    lodash "^4.17.19"

"@babel/helper-optimise-call-expression@^7.12.13":
  version "7.12.13"
  resolved "https://registry.npm.taobao.org/@babel/helper-optimise-call-expression/download/@babel/helper-optimise-call-expression-7.12.13.tgz?cache=0&sync_timestamp=1612314687212&other_urls=https%3A%2F%2Fregistry.npm.taobao.org%2F%40babel%2Fhelper-optimise-call-expression%2Fdownload%2F%40babel%2Fhelper-optimise-call-expression-7.12.13.tgz#5c02d171b4c8615b1e7163f888c1c81c30a2aaea"
  integrity sha1-XALRcbTIYVsecWP4iMHIHDCiquo=
  dependencies:
    "@babel/types" "^7.12.13"

"@babel/helper-plugin-utils@^7.10.4":
  version "7.12.13"
  resolved "https://registry.npm.taobao.org/@babel/helper-plugin-utils/download/@babel/helper-plugin-utils-7.12.13.tgz?cache=0&sync_timestamp=1612314681809&other_urls=https%3A%2F%2Fregistry.npm.taobao.org%2F%40babel%2Fhelper-plugin-utils%2Fdownload%2F%40babel%2Fhelper-plugin-utils-7.12.13.tgz#174254d0f2424d8aefb4dd48057511247b0a9eeb"
  integrity sha1-F0JU0PJCTYrvtN1IBXURJHsKnus=

"@babel/helper-replace-supers@^7.12.13":
  version "7.12.13"
  resolved "https://registry.npm.taobao.org/@babel/helper-replace-supers/download/@babel/helper-replace-supers-7.12.13.tgz#00ec4fb6862546bd3d0aff9aac56074277173121"
  integrity sha1-AOxPtoYlRr09Cv+arFYHQncXMSE=
  dependencies:
    "@babel/helper-member-expression-to-functions" "^7.12.13"
    "@babel/helper-optimise-call-expression" "^7.12.13"
    "@babel/traverse" "^7.12.13"
    "@babel/types" "^7.12.13"

"@babel/helper-simple-access@^7.12.13":
  version "7.12.13"
  resolved "https://registry.npm.taobao.org/@babel/helper-simple-access/download/@babel/helper-simple-access-7.12.13.tgz?cache=0&sync_timestamp=1612314687477&other_urls=https%3A%2F%2Fregistry.npm.taobao.org%2F%40babel%2Fhelper-simple-access%2Fdownload%2F%40babel%2Fhelper-simple-access-7.12.13.tgz#8478bcc5cacf6aa1672b251c1d2dde5ccd61a6c4"
  integrity sha1-hHi8xcrPaqFnKyUcHS3eXM1hpsQ=
  dependencies:
    "@babel/types" "^7.12.13"

"@babel/helper-split-export-declaration@^7.12.13":
  version "7.12.13"
  resolved "https://registry.npm.taobao.org/@babel/helper-split-export-declaration/download/@babel/helper-split-export-declaration-7.12.13.tgz?cache=0&sync_timestamp=1612314686094&other_urls=https%3A%2F%2Fregistry.npm.taobao.org%2F%40babel%2Fhelper-split-export-declaration%2Fdownload%2F%40babel%2Fhelper-split-export-declaration-7.12.13.tgz#e9430be00baf3e88b0e13e6f9d4eaf2136372b05"
  integrity sha1-6UML4AuvPoiw4T5vnU6vITY3KwU=
  dependencies:
    "@babel/types" "^7.12.13"

"@babel/helper-validator-identifier@^7.12.11":
  version "7.12.11"
  resolved "https://registry.npm.taobao.org/@babel/helper-validator-identifier/download/@babel/helper-validator-identifier-7.12.11.tgz?cache=0&sync_timestamp=1608076995361&other_urls=https%3A%2F%2Fregistry.npm.taobao.org%2F%40babel%2Fhelper-validator-identifier%2Fdownload%2F%40babel%2Fhelper-validator-identifier-7.12.11.tgz#c9a1f021917dcb5ccf0d4e453e399022981fc9ed"
  integrity sha1-yaHwIZF9y1zPDU5FPjmQIpgfye0=

"@babel/helpers@^7.12.13":
  version "7.12.13"
  resolved "https://registry.npm.taobao.org/@babel/helpers/download/@babel/helpers-7.12.13.tgz?cache=0&sync_timestamp=1612314730864&other_urls=https%3A%2F%2Fregistry.npm.taobao.org%2F%40babel%2Fhelpers%2Fdownload%2F%40babel%2Fhelpers-7.12.13.tgz#3c75e993632e4dadc0274eae219c73eb7645ba47"
  integrity sha1-PHXpk2MuTa3AJ06uIZxz63ZFukc=
  dependencies:
    "@babel/template" "^7.12.13"
    "@babel/traverse" "^7.12.13"
    "@babel/types" "^7.12.13"

"@babel/highlight@^7.12.13":
  version "7.12.13"
  resolved "https://registry.npm.taobao.org/@babel/highlight/download/@babel/highlight-7.12.13.tgz?cache=0&sync_timestamp=1612314610961&other_urls=https%3A%2F%2Fregistry.npm.taobao.org%2F%40babel%2Fhighlight%2Fdownload%2F%40babel%2Fhighlight-7.12.13.tgz#8ab538393e00370b26271b01fa08f7f27f2e795c"
  integrity sha1-irU4OT4ANwsmJxsB+gj38n8ueVw=
  dependencies:
    "@babel/helper-validator-identifier" "^7.12.11"
    chalk "^2.0.0"
    js-tokens "^4.0.0"

"@babel/parser@^7.12.13":
  version "7.12.14"
  resolved "https://registry.npm.taobao.org/@babel/parser/download/@babel/parser-7.12.14.tgz?cache=0&sync_timestamp=1612364985356&other_urls=https%3A%2F%2Fregistry.npm.taobao.org%2F%40babel%2Fparser%2Fdownload%2F%40babel%2Fparser-7.12.14.tgz#4adb7c5eef1d437ef965ad1569cd826db8c11dc9"
  integrity sha1-Stt8Xu8dQ375Za0Vac2CbbjBHck=

"@babel/plugin-syntax-import-meta@^7.10.4":
  version "7.10.4"
  resolved "https://registry.npm.taobao.org/@babel/plugin-syntax-import-meta/download/@babel/plugin-syntax-import-meta-7.10.4.tgz#ee601348c370fa334d2207be158777496521fd51"
  integrity sha1-7mATSMNw+jNNIge+FYd3SWUh/VE=
  dependencies:
    "@babel/helper-plugin-utils" "^7.10.4"

"@babel/runtime@^7.10.1", "@babel/runtime@^7.10.2", "@babel/runtime@^7.10.4", "@babel/runtime@^7.11.1", "@babel/runtime@^7.11.2", "@babel/runtime@^7.12.5", "@babel/runtime@^7.8.4":
  version "7.12.13"
  resolved "https://registry.npm.taobao.org/@babel/runtime/download/@babel/runtime-7.12.13.tgz#0a21452352b02542db0ffb928ac2d3ca7cb6d66d"
  integrity sha1-CiFFI1KwJULbD/uSisLTyny21m0=
  dependencies:
    regenerator-runtime "^0.13.4"

"@babel/template@^7.12.13":
  version "7.12.13"
  resolved "https://registry.npm.taobao.org/@babel/template/download/@babel/template-7.12.13.tgz#530265be8a2589dbb37523844c5bcb55947fb327"
  integrity sha1-UwJlvooliduzdSOETFvLVZR/syc=
  dependencies:
    "@babel/code-frame" "^7.12.13"
    "@babel/parser" "^7.12.13"
    "@babel/types" "^7.12.13"

"@babel/traverse@^7.12.13":
  version "7.12.13"
  resolved "https://registry.npm.taobao.org/@babel/traverse/download/@babel/traverse-7.12.13.tgz#689f0e4b4c08587ad26622832632735fb8c4e0c0"
  integrity sha1-aJ8OS0wIWHrSZiKDJjJzX7jE4MA=
  dependencies:
    "@babel/code-frame" "^7.12.13"
    "@babel/generator" "^7.12.13"
    "@babel/helper-function-name" "^7.12.13"
    "@babel/helper-split-export-declaration" "^7.12.13"
    "@babel/parser" "^7.12.13"
    "@babel/types" "^7.12.13"
    debug "^4.1.0"
    globals "^11.1.0"
    lodash "^4.17.19"

"@babel/types@^7.12.13":
  version "7.12.13"
  resolved "https://registry.npm.taobao.org/@babel/types/download/@babel/types-7.12.13.tgz?cache=0&sync_timestamp=1612314646168&other_urls=https%3A%2F%2Fregistry.npm.taobao.org%2F%40babel%2Ftypes%2Fdownload%2F%40babel%2Ftypes-7.12.13.tgz#8be1aa8f2c876da11a9cf650c0ecf656913ad611"
  integrity sha1-i+GqjyyHbaEanPZQwOz2VpE61hE=
  dependencies:
    "@babel/helper-validator-identifier" "^7.12.11"
    lodash "^4.17.19"
    to-fast-properties "^2.0.0"

"@ctrl/tinycolor@^3.3.1":
  version "3.3.4"
  resolved "https://registry.npm.taobao.org/@ctrl/tinycolor/download/@ctrl/tinycolor-3.3.4.tgz#59691edd031eedc431bda1bdf601257c06289a40"
  integrity sha1-WWke3QMe7cQxvaG99gElfAYomkA=

"@vitejs/plugin-react-refresh@^1.1.0":
  version "1.2.2"
  resolved "https://registry.npm.taobao.org/@vitejs/plugin-react-refresh/download/@vitejs/plugin-react-refresh-1.2.2.tgz#8bd03673d8306125c3b7fb212cc0c341d30d464d"
  integrity sha1-i9A2c9gwYSXDt/shLMDDQdMNRk0=
  dependencies:
    "@babel/core" "^7.12.10"
    "@babel/plugin-syntax-import-meta" "^7.10.4"
    react-refresh "^0.9.0"

ansi-styles@^3.2.1:
  version "3.2.1"
  resolved "https://registry.npm.taobao.org/ansi-styles/download/ansi-styles-3.2.1.tgz?cache=0&sync_timestamp=1611325747047&other_urls=https%3A%2F%2Fregistry.npm.taobao.org%2Fansi-styles%2Fdownload%2Fansi-styles-3.2.1.tgz#41fbb20243e50b12be0f04b8dedbf07520ce841d"
  integrity sha1-QfuyAkPlCxK+DwS43tvwdSDOhB0=
  dependencies:
    color-convert "^1.9.0"

antd@^4.12.2:
  version "4.12.2"
  resolved "https://registry.npm.taobao.org/antd/download/antd-4.12.2.tgz#3e00b21de418c94a358bf1fc064de15654a30161"
  integrity sha1-PgCyHeQYyUo1i/H8Bk3hVlSjAWE=
  dependencies:
    "@ant-design/colors" "^5.0.0"
    "@ant-design/icons" "^4.4.0"
    "@ant-design/react-slick" "~0.28.1"
    "@babel/runtime" "^7.12.5"
    array-tree-filter "^2.1.0"
    classnames "^2.2.6"
    copy-to-clipboard "^3.2.0"
    lodash "^4.17.20"
    moment "^2.25.3"
    rc-cascader "~1.4.0"
    rc-checkbox "~2.3.0"
    rc-collapse "~3.1.0"
    rc-dialog "~8.5.1"
    rc-drawer "~4.2.0"
    rc-dropdown "~3.2.0"
    rc-field-form "~1.18.0"
    rc-image "~5.2.0"
    rc-input-number "~6.2.0"
    rc-mentions "~1.5.0"
    rc-menu "~8.10.0"
    rc-motion "^2.4.0"
    rc-notification "~4.5.2"
    rc-pagination "~3.1.2"
    rc-picker "~2.5.1"
    rc-progress "~3.1.0"
    rc-rate "~2.9.0"
    rc-resize-observer "^1.0.0"
    rc-select "~12.1.0"
    rc-slider "~9.7.1"
    rc-steps "~4.1.0"
    rc-switch "~3.2.0"
    rc-table "~7.13.0"
    rc-tabs "~11.7.0"
    rc-textarea "~0.3.0"
    rc-tooltip "~5.0.0"
    rc-tree "~4.1.0"
    rc-tree-select "~4.3.0"
    rc-trigger "^5.2.1"
    rc-upload "~3.3.4"
    rc-util "^5.7.0"
    scroll-into-view-if-needed "^2.2.25"
    warning "^4.0.3"

array-tree-filter@^2.1.0:
  version "2.1.0"
  resolved "https://registry.npm.taobao.org/array-tree-filter/download/array-tree-filter-2.1.0.tgz#873ac00fec83749f255ac8dd083814b4f6329190"
  integrity sha1-hzrAD+yDdJ8lWsjdCDgUtPYykZA=

async-validator@^3.0.3:
  version "3.5.1"
  resolved "https://registry.npm.taobao.org/async-validator/download/async-validator-3.5.1.tgz?cache=0&sync_timestamp=1605749896979&other_urls=https%3A%2F%2Fregistry.npm.taobao.org%2Fasync-validator%2Fdownload%2Fasync-validator-3.5.1.tgz#cd62b9688b2465f48420e27adb47760ab1b5559f"
  integrity sha1-zWK5aIskZfSEIOJ620d2CrG1VZ8=

chalk@^2.0.0:
  version "2.4.2"
  resolved "https://registry.npm.taobao.org/chalk/download/chalk-2.4.2.tgz#cd42541677a54333cf541a49108c1432b44c9424"
  integrity sha1-zUJUFnelQzPPVBpJEIwUMrRMlCQ=
  dependencies:
    ansi-styles "^3.2.1"
    escape-string-regexp "^1.0.5"
    supports-color "^5.3.0"

classnames@2.x, classnames@^2.2.1, classnames@^2.2.3, classnames@^2.2.5, classnames@^2.2.6:
  version "2.2.6"
  resolved "https://registry.npm.taobao.org/classnames/download/classnames-2.2.6.tgz?cache=0&other_urls=https%3A%2F%2Fregistry.npm.taobao.org%2Fclassnames%2Fdownload%2Fclassnames-2.2.6.tgz#43935bffdd291f326dad0a205309b38d00f650ce"
  integrity sha1-Q5Nb/90pHzJtrQogUwmzjQD2UM4=

color-convert@^1.9.0:
  version "1.9.3"
  resolved "https://registry.npm.taobao.org/color-convert/download/color-convert-1.9.3.tgz#bb71850690e1f136567de629d2d5471deda4c1e8"
  integrity sha1-u3GFBpDh8TZWfeYp0tVHHe2kweg=
  dependencies:
    color-name "1.1.3"

color-name@1.1.3:
  version "1.1.3"
  resolved "https://registry.npm.taobao.org/color-name/download/color-name-1.1.3.tgz#a7d0558bd89c42f795dd42328f740831ca53bc25"
  integrity sha1-p9BVi9icQveV3UIyj3QIMcpTvCU=

colorette@^1.2.1:
  version "1.2.1"
  resolved "https://registry.npm.taobao.org/colorette/download/colorette-1.2.1.tgz#4d0b921325c14faf92633086a536db6e89564b1b"
  integrity sha1-TQuSEyXBT6+SYzCGpTbbbolWSxs=

compute-scroll-into-view@^1.0.16:
  version "1.0.16"
  resolved "https://registry.npm.taobao.org/compute-scroll-into-view/download/compute-scroll-into-view-1.0.16.tgz?cache=0&sync_timestamp=1599054579209&other_urls=https%3A%2F%2Fregistry.npm.taobao.org%2Fcompute-scroll-into-view%2Fdownload%2Fcompute-scroll-into-view-1.0.16.tgz#5b7bf4f7127ea2c19b750353d7ce6776a90ee088"
  integrity sha1-W3v09xJ+osGbdQNT185ndqkO4Ig=

convert-source-map@^1.7.0:
  version "1.7.0"
  resolved "https://registry.npm.taobao.org/convert-source-map/download/convert-source-map-1.7.0.tgz#17a2cb882d7f77d3490585e2ce6c524424a3a442"
  integrity sha1-F6LLiC1/d9NJBYXizmxSRCSjpEI=
  dependencies:
    safe-buffer "~5.1.1"

copy-to-clipboard@^3.2.0:
  version "3.3.1"
  resolved "https://registry.npm.taobao.org/copy-to-clipboard/download/copy-to-clipboard-3.3.1.tgz#115aa1a9998ffab6196f93076ad6da3b913662ae"
  integrity sha1-EVqhqZmP+rYZb5MHatbaO5E2Yq4=
  dependencies:
    toggle-selection "^1.0.6"

date-fns@^2.15.0:
  version "2.16.1"
  resolved "https://registry.npm.taobao.org/date-fns/download/date-fns-2.16.1.tgz#05775792c3f3331da812af253e1a935851d3834b"
  integrity sha1-BXdXksPzMx2oEq8lPhqTWFHTg0s=

dayjs@^1.8.30:
  version "1.10.4"
  resolved "https://registry.npm.taobao.org/dayjs/download/dayjs-1.10.4.tgz?cache=0&sync_timestamp=1611310021152&other_urls=https%3A%2F%2Fregistry.npm.taobao.org%2Fdayjs%2Fdownload%2Fdayjs-1.10.4.tgz#8e544a9b8683f61783f570980a8a80eaf54ab1e2"
  integrity sha1-jlRKm4aD9heD9XCYCoqA6vVKseI=

debug@^4.1.0:
  version "4.3.1"
  resolved "https://registry.npm.taobao.org/debug/download/debug-4.3.1.tgz?cache=0&sync_timestamp=1607566533140&other_urls=https%3A%2F%2Fregistry.npm.taobao.org%2Fdebug%2Fdownload%2Fdebug-4.3.1.tgz#f0d229c505e0c6d8c49ac553d1b13dc183f6b2ee"
  integrity sha1-8NIpxQXgxtjEmsVT0bE9wYP2su4=
  dependencies:
    ms "2.1.2"

dom-align@^1.7.0:
  version "1.12.0"
  resolved "https://registry.npm.taobao.org/dom-align/download/dom-align-1.12.0.tgz#56fb7156df0b91099830364d2d48f88963f5a29c"
  integrity sha1-VvtxVt8LkQmYMDZNLUj4iWP1opw=

esbuild@^0.8.34:
  version "0.8.40"
  resolved "https://registry.npm.taobao.org/esbuild/download/esbuild-0.8.40.tgz?cache=0&sync_timestamp=1612412893476&other_urls=https%3A%2F%2Fregistry.npm.taobao.org%2Fesbuild%2Fdownload%2Fesbuild-0.8.40.tgz#2ca457d950b27c77f28010f4482bdb820560290f"
  integrity sha1-LKRX2VCyfHfygBD0SCvbggVgKQ8=

escape-string-regexp@^1.0.5:
  version "1.0.5"
  resolved "https://registry.npm.taobao.org/escape-string-regexp/download/escape-string-regexp-1.0.5.tgz#1b61c0562190a8dff6ae3bb2cf0200ca130b86d4"
  integrity sha1-G2HAViGQqN/2rjuyzwIAyhMLhtQ=

fsevents@~2.1.2:
  version "2.1.3"
  resolved "https://registry.npm.taobao.org/fsevents/download/fsevents-2.1.3.tgz#fb738703ae8d2f9fe900c33836ddebee8b97f23e"
  integrity sha1-+3OHA66NL5/pAMM4Nt3r7ouX8j4=

fsevents@~2.3.1:
  version "2.3.1"
  resolved "https://registry.npm.taobao.org/fsevents/download/fsevents-2.3.1.tgz#b209ab14c61012636c8863507edf7fb68cc54e9f"
  integrity sha1-sgmrFMYQEmNsiGNQft9/tozFTp8=

function-bind@^1.1.1:
  version "1.1.1"
  resolved "https://registry.npm.taobao.org/function-bind/download/function-bind-1.1.1.tgz#a56899d3ea3c9bab874bb9773b7c5ede92f4895d"
  integrity sha1-pWiZ0+o8m6uHS7l3O3xe3pL0iV0=

gensync@^1.0.0-beta.1:
  version "1.0.0-beta.2"
  resolved "https://registry.npm.taobao.org/gensync/download/gensync-1.0.0-beta.2.tgz#32a6ee76c3d7f52d46b2b1ae5d93fea8580a25e0"
  integrity sha1-MqbudsPX9S1GsrGuXZP+qFgKJeA=

globals@^11.1.0:
  version "11.12.0"
  resolved "https://registry.npm.taobao.org/globals/download/globals-11.12.0.tgz?cache=0&sync_timestamp=1608438490211&other_urls=https%3A%2F%2Fregistry.npm.taobao.org%2Fglobals%2Fdownload%2Fglobals-11.12.0.tgz#ab8795338868a0babd8525758018c2a7eb95c42e"
  integrity sha1-q4eVM4hooLq9hSV1gBjCp+uVxC4=

has-flag@^3.0.0:
  version "3.0.0"
  resolved "https://registry.npm.taobao.org/has-flag/download/has-flag-3.0.0.tgz#b5d454dc2199ae225699f3467e5a07f3b955bafd"
  integrity sha1-tdRU3CGZriJWmfNGfloH87lVuv0=

has@^1.0.3:
  version "1.0.3"
  resolved "https://registry.npm.taobao.org/has/download/has-1.0.3.tgz#722d7cbfc1f6aa8241f16dd814e011e1f41e8796"
  integrity sha1-ci18v8H2qoJB8W3YFOAR4fQeh5Y=
  dependencies:
    function-bind "^1.1.1"

hoist-non-react-statics@^3.3.2:
  version "3.3.2"
  resolved "https://registry.npm.taobao.org/hoist-non-react-statics/download/hoist-non-react-statics-3.3.2.tgz#ece0acaf71d62c2969c2ec59feff42a4b1a85b45"
  integrity sha1-7OCsr3HWLClpwuxZ/v9CpLGoW0U=
  dependencies:
    react-is "^16.7.0"

insert-css@^2.0.0:
  version "2.0.0"
  resolved "https://registry.npm.taobao.org/insert-css/download/insert-css-2.0.0.tgz#eb5d1097b7542f4c79ea3060d3aee07d053880f4"
  integrity sha1-610Ql7dUL0x56jBg067gfQU4gPQ=

is-core-module@^2.1.0:
  version "2.2.0"
  resolved "https://registry.npm.taobao.org/is-core-module/download/is-core-module-2.2.0.tgz?cache=0&sync_timestamp=1606411622542&other_urls=https%3A%2F%2Fregistry.npm.taobao.org%2Fis-core-module%2Fdownload%2Fis-core-module-2.2.0.tgz#97037ef3d52224d85163f5597b2b63d9afed981a"
  integrity sha1-lwN+89UiJNhRY/VZeytj2a/tmBo=
  dependencies:
    has "^1.0.3"

"js-tokens@^3.0.0 || ^4.0.0", js-tokens@^4.0.0:
  version "4.0.0"
  resolved "https://registry.npm.taobao.org/js-tokens/download/js-tokens-4.0.0.tgz#19203fb59991df98e3a287050d4647cdeaf32499"
  integrity sha1-GSA/tZmR35jjoocFDUZHzerzJJk=

jsesc@^2.5.1:
  version "2.5.2"
  resolved "https://registry.npm.taobao.org/jsesc/download/jsesc-2.5.2.tgz?cache=0&sync_timestamp=1603900010788&other_urls=https%3A%2F%2Fregistry.npm.taobao.org%2Fjsesc%2Fdownload%2Fjsesc-2.5.2.tgz#80564d2e483dacf6e8ef209650a67df3f0c283a4"
  integrity sha1-gFZNLkg9rPbo7yCWUKZ98/DCg6Q=

json2mq@^0.2.0:
  version "0.2.0"
  resolved "https://registry.npm.taobao.org/json2mq/download/json2mq-0.2.0.tgz?cache=0&sync_timestamp=1602340165972&other_urls=https%3A%2F%2Fregistry.npm.taobao.org%2Fjson2mq%2Fdownload%2Fjson2mq-0.2.0.tgz#b637bd3ba9eabe122c83e9720483aeb10d2c904a"
  integrity sha1-tje9O6nqvhIsg+lyBIOusQ0skEo=
  dependencies:
    string-convert "^0.2.0"

json5@^2.1.2:
  version "2.2.0"
  resolved "https://registry.npm.taobao.org/json5/download/json5-2.2.0.tgz#2dfefe720c6ba525d9ebd909950f0515316c89a3"
  integrity sha1-Lf7+cgxrpSXZ69kJlQ8FFTFsiaM=
  dependencies:
    minimist "^1.2.5"

lodash@^4.17.15, lodash@^4.17.19, lodash@^4.17.20:
  version "4.17.20"
  resolved "https://registry.npm.taobao.org/lodash/download/lodash-4.17.20.tgz#b44a9b6297bcb698f1c51a3545a2b3b368d59c52"
  integrity sha1-tEqbYpe8tpjxxRo1RaKzs2jVnFI=

loose-envify@^1.0.0, loose-envify@^1.1.0:
  version "1.4.0"
  resolved "https://registry.npm.taobao.org/loose-envify/download/loose-envify-1.4.0.tgz#71ee51fa7be4caec1a63839f7e682d8132d30caf"
  integrity sha1-ce5R+nvkyuwaY4OffmgtgTLTDK8=
  dependencies:
    js-tokens "^3.0.0 || ^4.0.0"

mini-store@^3.0.1:
  version "3.0.6"
  resolved "https://registry.npm.taobao.org/mini-store/download/mini-store-3.0.6.tgz#44b86be5b2877271224ce0689b3a35a2dffb1ca9"
  integrity sha1-RLhr5bKHcnEiTOBomzo1ot/7HKk=
  dependencies:
    hoist-non-react-statics "^3.3.2"
    shallowequal "^1.0.2"

minimist@^1.2.5:
  version "1.2.5"
  resolved "https://registry.npm.taobao.org/minimist/download/minimist-1.2.5.tgz#67d66014b66a6a8aaa0c083c5fd58df4e4e97602"
  integrity sha1-Z9ZgFLZqaoqqDAg8X9WN9OTpdgI=

moment@^2.24.0, moment@^2.25.3:
  version "2.29.1"
  resolved "https://registry.npm.taobao.org/moment/download/moment-2.29.1.tgz#b2be769fa31940be9eeea6469c075e35006fa3d3"
  integrity sha1-sr52n6MZQL6e7qZGnAdeNQBvo9M=

ms@2.1.2:
  version "2.1.2"
  resolved "https://registry.npm.taobao.org/ms/download/ms-2.1.2.tgz?cache=0&sync_timestamp=1607433842694&other_urls=https%3A%2F%2Fregistry.npm.taobao.org%2Fms%2Fdownload%2Fms-2.1.2.tgz#d09d1f357b443f493382a8eb3ccd183872ae6009"
  integrity sha1-0J0fNXtEP0kzgqjrPM0YOHKuYAk=

nanoid@^3.1.20:
  version "3.1.20"
  resolved "https://registry.npm.taobao.org/nanoid/download/nanoid-3.1.20.tgz#badc263c6b1dcf14b71efaa85f6ab4c1d6cfc788"
  integrity sha1-utwmPGsdzxS3HvqoX2q0wdbPx4g=

object-assign@^4.1.1:
  version "4.1.1"
  resolved "https://registry.npm.taobao.org/object-assign/download/object-assign-4.1.1.tgz#2109adc7965887cfc05cbbd442cac8bfbb360863"
  integrity sha1-IQmtx5ZYh8/AXLvUQsrIv7s2CGM=

path-parse@^1.0.6:
  version "1.0.6"
  resolved "https://registry.npm.taobao.org/path-parse/download/path-parse-1.0.6.tgz#d62dbb5679405d72c4737ec58600e9ddcf06d24c"
  integrity sha1-1i27VnlAXXLEc37FhgDp3c8G0kw=

postcss@^8.2.1:
  version "8.2.4"
  resolved "https://registry.npm.taobao.org/postcss/download/postcss-8.2.4.tgz?cache=0&sync_timestamp=1610188234851&other_urls=https%3A%2F%2Fregistry.npm.taobao.org%2Fpostcss%2Fdownload%2Fpostcss-8.2.4.tgz#20a98a39cf303d15129c2865a9ec37eda0031d04"
  integrity sha1-IKmKOc8wPRUSnChlqew37aADHQQ=
  dependencies:
    colorette "^1.2.1"
    nanoid "^3.1.20"
    source-map "^0.6.1"

rc-align@^4.0.0:
  version "4.0.9"
  resolved "https://registry.npm.taobao.org/rc-align/download/rc-align-4.0.9.tgz#46d8801c4a139ff6a65ad1674e8efceac98f85f2"
  integrity sha1-RtiAHEoTn/amWtFnTo786smPhfI=
  dependencies:
    "@babel/runtime" "^7.10.1"
    classnames "2.x"
    dom-align "^1.7.0"
    rc-util "^5.3.0"
    resize-observer-polyfill "^1.5.1"

rc-cascader@~1.4.0:
  version "1.4.2"
  resolved "https://registry.npm.taobao.org/rc-cascader/download/rc-cascader-1.4.2.tgz?cache=0&sync_timestamp=1610107054432&other_urls=https%3A%2F%2Fregistry.npm.taobao.org%2Frc-cascader%2Fdownload%2Frc-cascader-1.4.2.tgz#caa81098e3ef4d5f823f9156f6d8d6dbd6321afa"
  integrity sha1-yqgQmOPvTV+CP5FW9tjW29YyGvo=
  dependencies:
    "@babel/runtime" "^7.12.5"
    array-tree-filter "^2.1.0"
    rc-trigger "^5.0.4"
    rc-util "^5.0.1"
    warning "^4.0.1"

rc-checkbox@~2.3.0:
  version "2.3.2"
  resolved "https://registry.npm.taobao.org/rc-checkbox/download/rc-checkbox-2.3.2.tgz?cache=0&sync_timestamp=1607402886550&other_urls=https%3A%2F%2Fregistry.npm.taobao.org%2Frc-checkbox%2Fdownload%2Frc-checkbox-2.3.2.tgz#f91b3678c7edb2baa8121c9483c664fa6f0aefc1"
  integrity sha1-+Rs2eMftsrqoEhyUg8Zk+m8K78E=
  dependencies:
    "@babel/runtime" "^7.10.1"
    classnames "^2.2.1"

rc-collapse@~3.1.0:
  version "3.1.0"
  resolved "https://registry.npm.taobao.org/rc-collapse/download/rc-collapse-3.1.0.tgz?cache=0&sync_timestamp=1606217211192&other_urls=https%3A%2F%2Fregistry.npm.taobao.org%2Frc-collapse%2Fdownload%2Frc-collapse-3.1.0.tgz#4ce5e612568c5fbeaf368cc39214471c1461a1a1"
  integrity sha1-TOXmElaMX76vNozDkhRHHBRhoaE=
  dependencies:
    "@babel/runtime" "^7.10.1"
    classnames "2.x"
    rc-motion "^2.3.4"
    rc-util "^5.2.1"
    shallowequal "^1.1.0"

rc-dialog@~8.5.0, rc-dialog@~8.5.1:
  version "8.5.1"
  resolved "https://registry.npm.taobao.org/rc-dialog/download/rc-dialog-8.5.1.tgz?cache=0&sync_timestamp=1609987692284&other_urls=https%3A%2F%2Fregistry.npm.taobao.org%2Frc-dialog%2Fdownload%2Frc-dialog-8.5.1.tgz#df316dd93e1685d7df1f5e4164ee35cba4a9af88"
  integrity sha1-3zFt2T4WhdffH15BZO41y6Spr4g=
  dependencies:
    "@babel/runtime" "^7.10.1"
    classnames "^2.2.6"
    rc-motion "^2.3.0"
    rc-util "^5.6.1"

rc-drawer@~4.2.0:
  version "4.2.2"
  resolved "https://registry.npm.taobao.org/rc-drawer/download/rc-drawer-4.2.2.tgz#5fd8b18ce20575ff22b36e0c5ddbe363c13db555"
  integrity sha1-X9ixjOIFdf8is24MXdvjY8E9tVU=
  dependencies:
    "@babel/runtime" "^7.10.1"
    classnames "^2.2.6"
    rc-util "^5.7.0"

rc-dropdown@^3.1.3, rc-dropdown@~3.2.0:
  version "3.2.0"
  resolved "https://registry.npm.taobao.org/rc-dropdown/download/rc-dropdown-3.2.0.tgz?cache=0&sync_timestamp=1600332823107&other_urls=https%3A%2F%2Fregistry.npm.taobao.org%2Frc-dropdown%2Fdownload%2Frc-dropdown-3.2.0.tgz#da6c2ada403842baee3a9e909a0b1a91ba3e1090"
  integrity sha1-2mwq2kA4QrruOp6Qmgsakbo+EJA=
  dependencies:
    "@babel/runtime" "^7.10.1"
    classnames "^2.2.6"
    rc-trigger "^5.0.4"

rc-field-form@~1.18.0:
  version "1.18.1"
  resolved "https://registry.npm.taobao.org/rc-field-form/download/rc-field-form-1.18.1.tgz?cache=0&sync_timestamp=1610955523418&other_urls=https%3A%2F%2Fregistry.npm.taobao.org%2Frc-field-form%2Fdownload%2Frc-field-form-1.18.1.tgz#41027816c80d1acf6f51db085d34c2c35213a701"
  integrity sha1-QQJ4FsgNGs9vUdsIXTTCw1ITpwE=
  dependencies:
    "@babel/runtime" "^7.8.4"
    async-validator "^3.0.3"
    rc-util "^5.0.0"

rc-image@~5.2.0:
  version "5.2.1"
  resolved "https://registry.npm.taobao.org/rc-image/download/rc-image-5.2.1.tgz#a4114eb42f558d7b2e1ef2acae25f56ed219bb6d"
  integrity sha1-pBFOtC9VjXsuHvKsriX1btIZu20=
  dependencies:
    "@babel/runtime" "^7.11.2"
    classnames "^2.2.6"
    rc-dialog "~8.5.0"
    rc-util "^5.0.6"

rc-input-number@~6.2.0:
  version "6.2.0"
  resolved "https://registry.npm.taobao.org/rc-input-number/download/rc-input-number-6.2.0.tgz?cache=0&sync_timestamp=1611719492952&other_urls=https%3A%2F%2Fregistry.npm.taobao.org%2Frc-input-number%2Fdownload%2Frc-input-number-6.2.0.tgz#8e34ce0fb1078ffd237151dac2b7a66cdc9996f9"
  integrity sha1-jjTOD7EHj/0jcVHawrembNyZlvk=
  dependencies:
    "@babel/runtime" "^7.10.1"
    classnames "^2.2.5"
    rc-util "^5.0.1"

rc-mentions@~1.5.0:
  version "1.5.3"
  resolved "https://registry.npm.taobao.org/rc-mentions/download/rc-mentions-1.5.3.tgz?cache=0&sync_timestamp=1610510822768&other_urls=https%3A%2F%2Fregistry.npm.taobao.org%2Frc-mentions%2Fdownload%2Frc-mentions-1.5.3.tgz#b92bebadf8ad9fb3586ba1af922d63b49d991c67"
  integrity sha1-uSvrrfitn7NYa6Gvki1jtJ2ZHGc=
  dependencies:
    "@babel/runtime" "^7.10.1"
    classnames "^2.2.6"
    rc-menu "^8.0.1"
    rc-textarea "^0.3.0"
    rc-trigger "^5.0.4"
    rc-util "^5.0.1"

rc-menu@^8.0.1, rc-menu@^8.6.1, rc-menu@~8.10.0:
  version "8.10.5"
  resolved "https://registry.npm.taobao.org/rc-menu/download/rc-menu-8.10.5.tgz?cache=0&sync_timestamp=1610957098888&other_urls=https%3A%2F%2Fregistry.npm.taobao.org%2Frc-menu%2Fdownload%2Frc-menu-8.10.5.tgz#44b7381c650cc76020dfd65753b535f415012179"
  integrity sha1-RLc4HGUMx2Ag39ZXU7U19BUBIXk=
  dependencies:
    "@babel/runtime" "^7.10.1"
    classnames "2.x"
    mini-store "^3.0.1"
    rc-motion "^2.0.1"
    rc-trigger "^5.1.2"
    rc-util "^5.7.0"
    resize-observer-polyfill "^1.5.0"
    shallowequal "^1.1.0"

rc-motion@^2.0.0, rc-motion@^2.0.1, rc-motion@^2.2.0, rc-motion@^2.3.0, rc-motion@^2.3.4, rc-motion@^2.4.0:
  version "2.4.1"
  resolved "https://registry.npm.taobao.org/rc-motion/download/rc-motion-2.4.1.tgz#323f47c8635e6b2bc0cba2dfad25fc415b58e1dc"
  integrity sha1-Mj9HyGNeayvAy6LfrSX8QVtY4dw=
  dependencies:
    "@babel/runtime" "^7.11.1"
    classnames "^2.2.1"
    rc-util "^5.2.1"

rc-notification@~4.5.2:
  version "4.5.4"
  resolved "https://registry.npm.taobao.org/rc-notification/download/rc-notification-4.5.4.tgz#1292e163003db4b9162c856a4630e5d0f1359356"
  integrity sha1-EpLhYwA9tLkWLIVqRjDl0PE1k1Y=
  dependencies:
    "@babel/runtime" "^7.10.1"
    classnames "2.x"
    rc-motion "^2.2.0"
    rc-util "^5.0.1"

rc-overflow@^1.0.0:
  version "1.0.2"
  resolved "https://registry.npm.taobao.org/rc-overflow/download/rc-overflow-1.0.2.tgz?cache=0&sync_timestamp=1609754994063&other_urls=https%3A%2F%2Fregistry.npm.taobao.org%2Frc-overflow%2Fdownload%2Frc-overflow-1.0.2.tgz#f56bcd920029979989f576d55084b81f9632c19c"
  integrity sha1-9WvNkgApl5mJ9XbVUIS4H5YywZw=
  dependencies:
    "@babel/runtime" "^7.11.1"
    classnames "^2.2.1"
    rc-resize-observer "^1.0.0"
    rc-util "^5.5.1"

rc-pagination@~3.1.2:
  version "3.1.3"
  resolved "https://registry.npm.taobao.org/rc-pagination/download/rc-pagination-3.1.3.tgz?cache=0&sync_timestamp=1609126288390&other_urls=https%3A%2F%2Fregistry.npm.taobao.org%2Frc-pagination%2Fdownload%2Frc-pagination-3.1.3.tgz#afd779839fefab2cb14248d5e7b74027960bb48b"
  integrity sha1-r9d5g5/vqyyxQkjV57dAJ5YLtIs=
  dependencies:
    "@babel/runtime" "^7.10.1"
    classnames "^2.2.1"

rc-picker@~2.5.1:
  version "2.5.2"
  resolved "https://registry.npm.taobao.org/rc-picker/download/rc-picker-2.5.2.tgz#36d91b8cdddbf8b2474af29c2853b77502a7fb01"
  integrity sha1-NtkbjN3b+LJHSvKcKFO3dQKn+wE=
  dependencies:
    "@babel/runtime" "^7.10.1"
    classnames "^2.2.1"
    date-fns "^2.15.0"
    dayjs "^1.8.30"
    moment "^2.24.0"
    rc-trigger "^5.0.4"
    rc-util "^5.4.0"
    shallowequal "^1.1.0"

rc-progress@~3.1.0:
  version "3.1.3"
  resolved "https://registry.npm.taobao.org/rc-progress/download/rc-progress-3.1.3.tgz#d77d8fd26d9d948d72c2a28b64b71a6e86df2426"
  integrity sha1-132P0m2dlI1ywqKLZLcabobfJCY=
  dependencies:
    "@babel/runtime" "^7.10.1"
    classnames "^2.2.6"

rc-rate@~2.9.0:
  version "2.9.1"
  resolved "https://registry.npm.taobao.org/rc-rate/download/rc-rate-2.9.1.tgz?cache=0&sync_timestamp=1605573484361&other_urls=https%3A%2F%2Fregistry.npm.taobao.org%2Frc-rate%2Fdownload%2Frc-rate-2.9.1.tgz#e43cb95c4eb90a2c1e0b16ec6614d8c43530a731"
  integrity sha1-5Dy5XE65CiweCxbsZhTYxDUwpzE=
  dependencies:
    "@babel/runtime" "^7.10.1"
    classnames "^2.2.5"
    rc-util "^5.0.1"

rc-resize-observer@^1.0.0:
  version "1.0.0"
  resolved "https://registry.npm.taobao.org/rc-resize-observer/download/rc-resize-observer-1.0.0.tgz?cache=0&sync_timestamp=1608864858155&other_urls=https%3A%2F%2Fregistry.npm.taobao.org%2Frc-resize-observer%2Fdownload%2Frc-resize-observer-1.0.0.tgz#97fb89856f62fec32ab6e40933935cf58e2e102d"
  integrity sha1-l/uJhW9i/sMqtuQJM5Nc9Y4uEC0=
  dependencies:
    "@babel/runtime" "^7.10.1"
    classnames "^2.2.1"
    rc-util "^5.0.0"
    resize-observer-polyfill "^1.5.1"

rc-select@^12.0.0, rc-select@~12.1.0:
  version "12.1.2"
  resolved "https://registry.npm.taobao.org/rc-select/download/rc-select-12.1.2.tgz#7f5f06838b8a8c86516acb66ead26adbc55fbc16"
  integrity sha1-f18Gg4uKjIZRastm6tJq28VfvBY=
  dependencies:
    "@babel/runtime" "^7.10.1"
    classnames "2.x"
    rc-motion "^2.0.1"
    rc-overflow "^1.0.0"
    rc-trigger "^5.0.4"
    rc-util "^5.0.1"
    rc-virtual-list "^3.2.0"

rc-slider@~9.7.1:
  version "9.7.1"
  resolved "https://registry.npm.taobao.org/rc-slider/download/rc-slider-9.7.1.tgz?cache=0&sync_timestamp=1608017982001&other_urls=https%3A%2F%2Fregistry.npm.taobao.org%2Frc-slider%2Fdownload%2Frc-slider-9.7.1.tgz#63535177a74a3ee44f090909e8c6f98426eb9dba"
  integrity sha1-Y1NRd6dKPuRPCQkJ6Mb5hCbrnbo=
  dependencies:
    "@babel/runtime" "^7.10.1"
    classnames "^2.2.5"
    rc-tooltip "^5.0.1"
    rc-util "^5.0.0"
    shallowequal "^1.1.0"

rc-steps@~4.1.0:
  version "4.1.3"
  resolved "https://registry.npm.taobao.org/rc-steps/download/rc-steps-4.1.3.tgz#208580e22db619e3830ddb7fa41bc886c65d9803"
  integrity sha1-IIWA4i22GeODDdt/pBvIhsZdmAM=
  dependencies:
    "@babel/runtime" "^7.10.2"
    classnames "^2.2.3"
    rc-util "^5.0.1"

rc-switch@~3.2.0:
  version "3.2.2"
  resolved "https://registry.npm.taobao.org/rc-switch/download/rc-switch-3.2.2.tgz#d001f77f12664d52595b4f6fb425dd9e66fba8e8"
  integrity sha1-0AH3fxJmTVJZW09vtCXdnmb7qOg=
  dependencies:
    "@babel/runtime" "^7.10.1"
    classnames "^2.2.1"
    rc-util "^5.0.1"

rc-table@~7.13.0:
  version "7.13.1"
  resolved "https://registry.npm.taobao.org/rc-table/download/rc-table-7.13.1.tgz?cache=0&sync_timestamp=1611804511743&other_urls=https%3A%2F%2Fregistry.npm.taobao.org%2Frc-table%2Fdownload%2Frc-table-7.13.1.tgz#25ca6c4f8f62582f5607c5061c3aa4cd634b8009"
  integrity sha1-JcpsT49iWC9WB8UGHDqkzWNLgAk=
  dependencies:
    "@babel/runtime" "^7.10.1"
    classnames "^2.2.5"
    rc-resize-observer "^1.0.0"
    rc-util "^5.4.0"
    shallowequal "^1.1.0"

rc-tabs@~11.7.0:
  version "11.7.3"
  resolved "https://registry.npm.taobao.org/rc-tabs/download/rc-tabs-11.7.3.tgz?cache=0&sync_timestamp=1608866453009&other_urls=https%3A%2F%2Fregistry.npm.taobao.org%2Frc-tabs%2Fdownload%2Frc-tabs-11.7.3.tgz#32a30e59c6992d60fb58115ba0bf2652b337ed43"
  integrity sha1-MqMOWcaZLWD7WBFboL8mUrM37UM=
  dependencies:
    "@babel/runtime" "^7.11.2"
    classnames "2.x"
    rc-dropdown "^3.1.3"
    rc-menu "^8.6.1"
    rc-resize-observer "^1.0.0"
    rc-util "^5.5.0"

rc-textarea@^0.3.0, rc-textarea@~0.3.0:
  version "0.3.4"
  resolved "https://registry.npm.taobao.org/rc-textarea/download/rc-textarea-0.3.4.tgz?cache=0&sync_timestamp=1610543629271&other_urls=https%3A%2F%2Fregistry.npm.taobao.org%2Frc-textarea%2Fdownload%2Frc-textarea-0.3.4.tgz#1408a64c87b5e76db5c847699ef9ab5ee97dd6f9"
  integrity sha1-FAimTIe15221yEdpnvmrXul91vk=
  dependencies:
    "@babel/runtime" "^7.10.1"
    classnames "^2.2.1"
    rc-resize-observer "^1.0.0"
    rc-util "^5.7.0"

rc-tooltip@^5.0.1, rc-tooltip@~5.0.0:
  version "5.0.2"
  resolved "https://registry.npm.taobao.org/rc-tooltip/download/rc-tooltip-5.0.2.tgz?cache=0&sync_timestamp=1610619232627&other_urls=https%3A%2F%2Fregistry.npm.taobao.org%2Frc-tooltip%2Fdownload%2Frc-tooltip-5.0.2.tgz#e48258fc9931bd9281102b2d9eacc5b986cf3258"
  integrity sha1-5IJY/JkxvZKBECstnqzFuYbPMlg=
  dependencies:
    "@babel/runtime" "^7.11.2"
    rc-trigger "^5.0.0"

rc-tree-select@~4.3.0:
  version "4.3.0"
  resolved "https://registry.npm.taobao.org/rc-tree-select/download/rc-tree-select-4.3.0.tgz?cache=0&sync_timestamp=1608802408663&other_urls=https%3A%2F%2Fregistry.npm.taobao.org%2Frc-tree-select%2Fdownload%2Frc-tree-select-4.3.0.tgz#714a4fe658aa73f2a7b0aa4bd6e43be63194a6ce"
  integrity sha1-cUpP5liqc/KnsKpL1uQ75jGUps4=
  dependencies:
    "@babel/runtime" "^7.10.1"
    classnames "2.x"
    rc-select "^12.0.0"
    rc-tree "^4.0.0"
    rc-util "^5.0.5"

rc-tree@^4.0.0, rc-tree@~4.1.0:
  version "4.1.1"
  resolved "https://registry.npm.taobao.org/rc-tree/download/rc-tree-4.1.1.tgz?cache=0&sync_timestamp=1609407053693&other_urls=https%3A%2F%2Fregistry.npm.taobao.org%2Frc-tree%2Fdownload%2Frc-tree-4.1.1.tgz#d40f418b31b75e61886e3969481df1444232c98b"
  integrity sha1-1A9BizG3XmGIbjlpSB3xREIyyYs=
  dependencies:
    "@babel/runtime" "^7.10.1"
    classnames "2.x"
    rc-motion "^2.0.1"
    rc-util "^5.0.0"
    rc-virtual-list "^3.0.1"

rc-trigger@^5.0.0, rc-trigger@^5.0.4, rc-trigger@^5.1.2, rc-trigger@^5.2.1:
  version "5.2.1"
  resolved "https://registry.npm.taobao.org/rc-trigger/download/rc-trigger-5.2.1.tgz?cache=0&sync_timestamp=1610619233162&other_urls=https%3A%2F%2Fregistry.npm.taobao.org%2Frc-trigger%2Fdownload%2Frc-trigger-5.2.1.tgz#54686220b884ed1e0750c4f2411fbb34d4928c99"
  integrity sha1-VGhiILiE7R4HUMTyQR+7NNSSjJk=
  dependencies:
    "@babel/runtime" "^7.11.2"
    classnames "^2.2.6"
    rc-align "^4.0.0"
    rc-motion "^2.0.0"
    rc-util "^5.5.0"

rc-upload@~3.3.4:
  version "3.3.4"
  resolved "https://registry.npm.taobao.org/rc-upload/download/rc-upload-3.3.4.tgz?cache=0&sync_timestamp=1608129993627&other_urls=https%3A%2F%2Fregistry.npm.taobao.org%2Frc-upload%2Fdownload%2Frc-upload-3.3.4.tgz#b0668d18661595c69c0621cec220fd116cc79952"
  integrity sha1-sGaNGGYVlcacBiHOwiD9EWzHmVI=
  dependencies:
    "@babel/runtime" "^7.10.1"
    classnames "^2.2.5"
    rc-util "^5.2.0"

rc-util@^5.0.0, rc-util@^5.0.1, rc-util@^5.0.5, rc-util@^5.0.6, rc-util@^5.0.7, rc-util@^5.2.0, rc-util@^5.2.1, rc-util@^5.3.0, rc-util@^5.4.0, rc-util@^5.5.0, rc-util@^5.5.1, rc-util@^5.6.1, rc-util@^5.7.0:
  version "5.8.0"
  resolved "https://registry.npm.taobao.org/rc-util/download/rc-util-5.8.0.tgz?cache=0&sync_timestamp=1612432436231&other_urls=https%3A%2F%2Fregistry.npm.taobao.org%2Frc-util%2Fdownload%2Frc-util-5.8.0.tgz#8058d6b3cd4c0a336360171f74d6c4d08d5065ac"
  integrity sha1-gFjWs81MCjNjYBcfdNbE0I1QZaw=
  dependencies:
    "@babel/runtime" "^7.12.5"
    react-is "^16.12.0"
    shallowequal "^1.1.0"

rc-virtual-list@^3.0.1, rc-virtual-list@^3.2.0:
  version "3.2.6"
  resolved "https://registry.npm.taobao.org/rc-virtual-list/download/rc-virtual-list-3.2.6.tgz?cache=0&sync_timestamp=1610703725697&other_urls=https%3A%2F%2Fregistry.npm.taobao.org%2Frc-virtual-list%2Fdownload%2Frc-virtual-list-3.2.6.tgz#2c92a40f4425e19881b38134d6bd286a11137d2d"
  integrity sha1-LJKkD0Ql4ZiBs4E01r0oahETfS0=
  dependencies:
    classnames "^2.2.6"
    rc-resize-observer "^1.0.0"
    rc-util "^5.0.7"

react-dom@^17.0.1:
  version "17.0.1"
  resolved "https://registry.npm.taobao.org/react-dom/download/react-dom-17.0.1.tgz?cache=0&sync_timestamp=1612455294117&other_urls=https%3A%2F%2Fregistry.npm.taobao.org%2Freact-dom%2Fdownload%2Freact-dom-17.0.1.tgz#1de2560474ec9f0e334285662ede52dbc5426fc6"
  integrity sha1-HeJWBHTsnw4zQoVmLt5S28VCb8Y=
  dependencies:
    loose-envify "^1.1.0"
    object-assign "^4.1.1"
    scheduler "^0.20.1"

react-is@^16.12.0, react-is@^16.7.0:
  version "16.13.1"
  resolved "https://registry.npm.taobao.org/react-is/download/react-is-16.13.1.tgz#789729a4dc36de2999dc156dd6c1d9c18cea56a4"
  integrity sha1-eJcppNw23imZ3BVt1sHZwYzqVqQ=

react-refresh@^0.9.0:
  version "0.9.0"
  resolved "https://registry.npm.taobao.org/react-refresh/download/react-refresh-0.9.0.tgz#71863337adc3e5c2f8a6bfddd12ae3bfe32aafbf"
  integrity sha1-cYYzN63D5cL4pr/d0Srjv+Mqr78=

react@^17.0.1:
  version "17.0.1"
  resolved "https://registry.npm.taobao.org/react/download/react-17.0.1.tgz?cache=0&sync_timestamp=1612455269213&other_urls=https%3A%2F%2Fregistry.npm.taobao.org%2Freact%2Fdownload%2Freact-17.0.1.tgz#6e0600416bd57574e3f86d92edba3d9008726127"
  integrity sha1-bgYAQWvVdXTj+G2S7bo9kAhyYSc=
  dependencies:
    loose-envify "^1.1.0"
    object-assign "^4.1.1"

regenerator-runtime@^0.13.4:
  version "0.13.7"
  resolved "https://registry.npm.taobao.org/regenerator-runtime/download/regenerator-runtime-0.13.7.tgz#cac2dacc8a1ea675feaabaeb8ae833898ae46f55"
  integrity sha1-ysLazIoepnX+qrrriugziYrkb1U=

resize-observer-polyfill@^1.5.0, resize-observer-polyfill@^1.5.1:
  version "1.5.1"
  resolved "https://registry.npm.taobao.org/resize-observer-polyfill/download/resize-observer-polyfill-1.5.1.tgz#0e9020dd3d21024458d4ebd27e23e40269810464"
  integrity sha1-DpAg3T0hAkRY1OvSfiPkAmmBBGQ=

resolve@^1.19.0:
  version "1.19.0"
  resolved "https://registry.npm.taobao.org/resolve/download/resolve-1.19.0.tgz?cache=0&sync_timestamp=1605052120709&other_urls=https%3A%2F%2Fregistry.npm.taobao.org%2Fresolve%2Fdownload%2Fresolve-1.19.0.tgz#1af5bf630409734a067cae29318aac7fa29a267c"
  integrity sha1-GvW/YwQJc0oGfK4pMYqsf6KaJnw=
  dependencies:
    is-core-module "^2.1.0"
    path-parse "^1.0.6"

rollup@^2.35.1:
  version "2.38.4"
  resolved "https://registry.npm.taobao.org/rollup/download/rollup-2.38.4.tgz?cache=0&sync_timestamp=1612245364306&other_urls=https%3A%2F%2Fregistry.npm.taobao.org%2Frollup%2Fdownload%2Frollup-2.38.4.tgz#1b84ea8728c73b1a00a6a6e9c630ec8c3fe48cea"
  integrity sha1-G4TqhyjHOxoApqbpxjDsjD/kjOo=
  optionalDependencies:
    fsevents "~2.3.1"

safe-buffer@~5.1.1:
  version "5.1.2"
  resolved "https://registry.npm.taobao.org/safe-buffer/download/safe-buffer-5.1.2.tgz?cache=0&sync_timestamp=1599054209520&other_urls=https%3A%2F%2Fregistry.npm.taobao.org%2Fsafe-buffer%2Fdownload%2Fsafe-buffer-5.1.2.tgz#991ec69d296e0313747d59bdfd2b745c35f8828d"
  integrity sha1-mR7GnSluAxN0fVm9/St0XDX4go0=

scheduler@^0.20.1:
  version "0.20.1"
  resolved "https://registry.npm.taobao.org/scheduler/download/scheduler-0.20.1.tgz?cache=0&sync_timestamp=1612409019356&other_urls=https%3A%2F%2Fregistry.npm.taobao.org%2Fscheduler%2Fdownload%2Fscheduler-0.20.1.tgz#da0b907e24026b01181ecbc75efdc7f27b5a000c"
  integrity sha1-2guQfiQCawEYHsvHXv3H8ntaAAw=
  dependencies:
    loose-envify "^1.1.0"
    object-assign "^4.1.1"

scroll-into-view-if-needed@^2.2.25:
  version "2.2.26"
  resolved "https://registry.npm.taobao.org/scroll-into-view-if-needed/download/scroll-into-view-if-needed-2.2.26.tgz#e4917da0c820135ff65ad6f7e4b7d7af568c4f13"
  integrity sha1-5JF9oMggE1/2Wtb35LfXr1aMTxM=
  dependencies:
    compute-scroll-into-view "^1.0.16"

semver@^5.4.1:
  version "5.7.1"
  resolved "https://registry.npm.taobao.org/semver/download/semver-5.7.1.tgz?cache=0&sync_timestamp=1606852064928&other_urls=https%3A%2F%2Fregistry.npm.taobao.org%2Fsemver%2Fdownload%2Fsemver-5.7.1.tgz#a954f931aeba508d307bbf069eff0c01c96116f7"
  integrity sha1-qVT5Ma66UI0we78Gnv8MAclhFvc=

shallowequal@^1.0.2, shallowequal@^1.1.0:
  version "1.1.0"
  resolved "https://registry.npm.taobao.org/shallowequal/download/shallowequal-1.1.0.tgz#188d521de95b9087404fd4dcb68b13df0ae4e7f8"
  integrity sha1-GI1SHelbkIdAT9TctosT3wrk5/g=

source-map@^0.5.0:
  version "0.5.7"
  resolved "https://registry.npm.taobao.org/source-map/download/source-map-0.5.7.tgz#8a039d2d1021d22d1ea14c80d8ea468ba2ef3fcc"
  integrity sha1-igOdLRAh0i0eoUyA2OpGi6LvP8w=

source-map@^0.6.1:
  version "0.6.1"
  resolved "https://registry.npm.taobao.org/source-map/download/source-map-0.6.1.tgz#74722af32e9614e9c287a8d0bbde48b5e2f1a263"
  integrity sha1-dHIq8y6WFOnCh6jQu95IteLxomM=

string-convert@^0.2.0:
  version "0.2.1"
  resolved "https://registry.npm.taobao.org/string-convert/download/string-convert-0.2.1.tgz#6982cc3049fbb4cd85f8b24568b9d9bf39eeff97"
  integrity sha1-aYLMMEn7tM2F+LJFaLnZvznu/5c=

supports-color@^5.3.0:
  version "5.5.0"
  resolved "https://registry.npm.taobao.org/supports-color/download/supports-color-5.5.0.tgz?cache=0&sync_timestamp=1611393963969&other_urls=https%3A%2F%2Fregistry.npm.taobao.org%2Fsupports-color%2Fdownload%2Fsupports-color-5.5.0.tgz#e2e69a44ac8772f78a1ec0b35b689df6530efc8f"
  integrity sha1-4uaaRKyHcveKHsCzW2id9lMO/I8=
  dependencies:
    has-flag "^3.0.0"

to-fast-properties@^2.0.0:
  version "2.0.0"
  resolved "https://registry.npm.taobao.org/to-fast-properties/download/to-fast-properties-2.0.0.tgz#dc5e698cbd079265bc73e0377681a4e4e83f616e"
  integrity sha1-3F5pjL0HkmW8c+A3doGk5Og/YW4=

toggle-selection@^1.0.6:
  version "1.0.6"
  resolved "https://registry.npm.taobao.org/toggle-selection/download/toggle-selection-1.0.6.tgz#6e45b1263f2017fa0acc7d89d78b15b8bf77da32"
  integrity sha1-bkWxJj8gF/oKzH2J14sVuL932jI=

vite@^2.0.0-beta.64:
  version "2.0.0-beta.64"
  resolved "https://registry.npm.taobao.org/vite/download/vite-2.0.0-beta.64.tgz#245cabc72335911d4cb704545f713d47e880d84f"
  integrity sha1-JFyrxyM1kR1MtwRUX3E9R+iA2E8=
  dependencies:
    esbuild "^0.8.34"
    postcss "^8.2.1"
    resolve "^1.19.0"
    rollup "^2.35.1"
  optionalDependencies:
    fsevents "~2.1.2"

warning@^4.0.1, warning@^4.0.3:
  version "4.0.3"
  resolved "https://registry.npm.taobao.org/warning/download/warning-4.0.3.tgz#16e9e077eb8a86d6af7d64aa1e05fd85b4678ca3"
  integrity sha1-Fungd+uKhtavfWSqHgX9hbRnjKM=
  dependencies:
    loose-envify "^1.0.0"
